
Microsoft Visual Studio Solution File, Format Version 12.00
Project("{2150E333-8FDC-42A3-9474-1A3956D46DE8}") = "src", "src", "{B826323F-5EDF-41E5-80FA-70587B71B71A}"
EndProject
Project("{2150E333-8FDC-42A3-9474-1A3956D46DE8}") = "Main", "Main", "{47CBE228-23AE-4A07-A940-AE9D74B4B4F2}"
EndProject
Project("{FAE04EC0-301F-11D3-BF4B-00C04F79EFBC}") = "MyWallet.Api", "src\Main\MyWallet.Api\MyWallet.Api.csproj", "{C514D81C-60F6-44C1-ABAA-1926133BBDF2}"
EndProject
Project("{2150E333-8FDC-42A3-9474-1A3956D46DE8}") = "Modules", "Modules", "{24B0B9F3-DFB6-4312-BA32-643498BDC1D8}"
EndProject
Project("{2150E333-8FDC-42A3-9474-1A3956D46DE8}") = "Debts", "Debts", "{F2D16773-8BE0-4AD7-83F0-3D9249CE4242}"
EndProject
Project("{FAE04EC0-301F-11D3-BF4B-00C04F79EFBC}") = "MyWallet.Debts", "src\Modules\Debts\MyWallet.Debts\MyWallet.Debts.csproj", "{31E4370E-94FA-42D2-97B8-459391B33EEA}"
EndProject
Project("{2150E333-8FDC-42A3-9474-1A3956D46DE8}") = "Shared", "Shared", "{753B1440-E732-47B4-89C5-7B62DF49B001}"
EndProject
Project("{FAE04EC0-301F-11D3-BF4B-00C04F79EFBC}") = "MyWallet.Infrastructure", "src\Shared\MyWallet.Infrastructure\MyWallet.Infrastructure.csproj", "{88E686E3-AC10-4E23-B8C9-880263CDA171}"
EndProject
Global
	GlobalSection(SolutionConfigurationPlatforms) = preSolution
		Debug|Any CPU = Debug|Any CPU
		Release|Any CPU = Release|Any CPU
	EndGlobalSection
	GlobalSection(NestedProjects) = preSolution
		{47CBE228-23AE-4A07-A940-AE9D74B4B4F2} = {B826323F-5EDF-41E5-80FA-70587B71B71A}
		{C514D81C-60F6-44C1-ABAA-1926133BBDF2} = {47CBE228-23AE-4A07-A940-AE9D74B4B4F2}
		{24B0B9F3-DFB6-4312-BA32-643498BDC1D8} = {B826323F-5EDF-41E5-80FA-70587B71B71A}
		{F2D16773-8BE0-4AD7-83F0-3D9249CE4242} = {24B0B9F3-DFB6-4312-BA32-643498BDC1D8}
		{31E4370E-94FA-42D2-97B8-459391B33EEA} = {F2D16773-8BE0-4AD7-83F0-3D9249CE4242}
		{753B1440-E732-47B4-89C5-7B62DF49B001} = {B826323F-5EDF-41E5-80FA-70587B71B71A}
		{88E686E3-AC10-4E23-B8C9-880263CDA171} = {753B1440-E732-47B4-89C5-7B62DF49B001}
	EndGlobalSection
	GlobalSection(ProjectConfigurationPlatforms) = postSolution
		{C514D81C-60F6-44C1-ABAA-1926133BBDF2}.Debug|Any CPU.ActiveCfg = Debug|Any CPU
		{C514D81C-60F6-44C1-ABAA-1926133BBDF2}.Debug|Any CPU.Build.0 = Debug|Any CPU
		{C514D81C-60F6-44C1-ABAA-1926133BBDF2}.Release|Any CPU.ActiveCfg = Release|Any CPU
		{C514D81C-60F6-44C1-ABAA-1926133BBDF2}.Release|Any CPU.Build.0 = Release|Any CPU
		{31E4370E-94FA-42D2-97B8-459391B33EEA}.Debug|Any CPU.ActiveCfg = Debug|Any CPU
		{31E4370E-94FA-42D2-97B8-459391B33EEA}.Debug|Any CPU.Build.0 = Debug|Any CPU
		{31E4370E-94FA-42D2-97B8-459391B33EEA}.Release|Any CPU.ActiveCfg = Release|Any CPU
		{31E4370E-94FA-42D2-97B8-459391B33EEA}.Release|Any CPU.Build.0 = Release|Any CPU
		{88E686E3-AC10-4E23-B8C9-880263CDA171}.Debug|Any CPU.ActiveCfg = Debug|Any CPU
		{88E686E3-AC10-4E23-B8C9-880263CDA171}.Debug|Any CPU.Build.0 = Debug|Any CPU
		{88E686E3-AC10-4E23-B8C9-880263CDA171}.Release|Any CPU.ActiveCfg = Release|Any CPU
		{88E686E3-AC10-4E23-B8C9-880263CDA171}.Release|Any CPU.Build.0 = Release|Any CPU
	EndGlobalSection
EndGlobal
