
Microsoft Visual Studio Solution File, Format Version 12.00
Project("{2150E333-8FDC-42A3-9474-1A3956D46DE8}") = "Main", "Main", "{A78873F4-E60C-498F-A675-795064E54CC9}"
EndProject
Project("{FAE04EC0-301F-11D3-BF4B-00C04F79EFBC}") = "MyWallet.Api", "src\Main\MyWallet.Api\MyWallet.Api.csproj", "{622E14C7-B442-471F-8EF2-B01F13958F48}"
EndProject
Global
	GlobalSection(SolutionConfigurationPlatforms) = preSolution
		Debug|Any CPU = Debug|Any CPU
		Release|Any CPU = Release|Any CPU
	EndGlobalSection
	GlobalSection(NestedProjects) = preSolution
		{622E14C7-B442-471F-8EF2-B01F13958F48} = {A78873F4-E60C-498F-A675-795064E54CC9}
	EndGlobalSection
	GlobalSection(ProjectConfigurationPlatforms) = postSolution
		{622E14C7-B442-471F-8EF2-B01F13958F48}.Debug|Any CPU.ActiveCfg = Debug|Any CPU
		{622E14C7-B442-471F-8EF2-B01F13958F48}.Debug|Any CPU.Build.0 = Debug|Any CPU
		{622E14C7-B442-471F-8EF2-B01F13958F48}.Release|Any CPU.ActiveCfg = Release|Any CPU
		{622E14C7-B442-471F-8EF2-B01F13958F48}.Release|Any CPU.Build.0 = Release|Any CPU
	EndGlobalSection
EndGlobal
